// !$*UTF8*$!
{
	archiveVersion = 1;
	classes = {
	};
	objectVersion = 50;
	objects = {

/* Begin PBXBuildFile section */
		251EFF2B249034C500DEDB6A /* AppDelegate.swift in Sources */ = {isa = PBXBuildFile; fileRef = 251EFF2A249034C500DEDB6A /* AppDelegate.swift */; };
		251EFF2D249034C500DEDB6A /* SceneDelegate.swift in Sources */ = {isa = PBXBuildFile; fileRef = 251EFF2C249034C500DEDB6A /* SceneDelegate.swift */; };
		251EFF2F249034C500DEDB6A /* ViewController.swift in Sources */ = {isa = PBXBuildFile; fileRef = 251EFF2E249034C500DEDB6A /* ViewController.swift */; };
		251EFF32249034C500DEDB6A /* Main.storyboard in Resources */ = {isa = PBXBuildFile; fileRef = 251EFF30249034C500DEDB6A /* Main.storyboard */; };
		251EFF35249034C500DEDB6A /* UP_Store_Entregas.xcdatamodeld in Sources */ = {isa = PBXBuildFile; fileRef = 251EFF33249034C500DEDB6A /* UP_Store_Entregas.xcdatamodeld */; };
		251EFF37249034CF00DEDB6A /* Assets.xcassets in Resources */ = {isa = PBXBuildFile; fileRef = 251EFF36249034CF00DEDB6A /* Assets.xcassets */; };
		251EFF3A249034CF00DEDB6A /* LaunchScreen.storyboard in Resources */ = {isa = PBXBuildFile; fileRef = 251EFF38249034CF00DEDB6A /* LaunchScreen.storyboard */; };
		251EFF45249034CF00DEDB6A /* UP_Store_EntregasTests.swift in Sources */ = {isa = PBXBuildFile; fileRef = 251EFF44249034CF00DEDB6A /* UP_Store_EntregasTests.swift */; };
		251EFF50249034D000DEDB6A /* UP_Store_EntregasUITests.swift in Sources */ = {isa = PBXBuildFile; fileRef = 251EFF4F249034D000DEDB6A /* UP_Store_EntregasUITests.swift */; };
/* End PBXBuildFile section */

/* Begin PBXContainerItemProxy section */
		251EFF41249034CF00DEDB6A /* PBXContainerItemProxy */ = {
			isa = PBXContainerItemProxy;
			containerPortal = 251EFF1F249034C500DEDB6A /* Project object */;
			proxyType = 1;
			remoteGlobalIDString = 251EFF26249034C500DEDB6A;
			remoteInfo = "UP Store Entregas";
		};
		251EFF4C249034D000DEDB6A /* PBXContainerItemProxy */ = {
			isa = PBXContainerItemProxy;
			containerPortal = 251EFF1F249034C500DEDB6A /* Project object */;
			proxyType = 1;
			remoteGlobalIDString = 251EFF26249034C500DEDB6A;
			remoteInfo = "UP Store Entregas";
		};
/* End PBXContainerItemProxy section */

/* Begin PBXFileReference section */
		251EFF27249034C500DEDB6A /* UP Store Entregas.app */ = {isa = PBXFileReference; explicitFileType = wrapper.application; includeInIndex = 0; path = "UP Store Entregas.app"; sourceTree = BUILT_PRODUCTS_DIR; };
		251EFF2A249034C500DEDB6A /* AppDelegate.swift */ = {isa = PBXFileReference; lastKnownFileType = sourcecode.swift; path = AppDelegate.swift; sourceTree = "<group>"; };
		251EFF2C249034C500DEDB6A /* SceneDelegate.swift */ = {isa = PBXFileReference; lastKnownFileType = sourcecode.swift; path = SceneDelegate.swift; sourceTree = "<group>"; };
		251EFF2E249034C500DEDB6A /* ViewController.swift */ = {isa = PBXFileReference; lastKnownFileType = sourcecode.swift; path = ViewController.swift; sourceTree = "<group>"; };
		251EFF31249034C500DEDB6A /* Base */ = {isa = PBXFileReference; lastKnownFileType = file.storyboard; name = Base; path = Base.lproj/Main.storyboard; sourceTree = "<group>"; };
		251EFF34249034C500DEDB6A /* UP_Store_Entregas.xcdatamodel */ = {isa = PBXFileReference; lastKnownFileType = wrapper.xcdatamodel; path = UP_Store_Entregas.xcdatamodel; sourceTree = "<group>"; };
		251EFF36249034CF00DEDB6A /* Assets.xcassets */ = {isa = PBXFileReference; lastKnownFileType = folder.assetcatalog; path = Assets.xcassets; sourceTree = "<group>"; };
		251EFF39249034CF00DEDB6A /* Base */ = {isa = PBXFileReference; lastKnownFileType = file.storyboard; name = Base; path = Base.lproj/LaunchScreen.storyboard; sourceTree = "<group>"; };
		251EFF3B249034CF00DEDB6A /* Info.plist */ = {isa = PBXFileReference; lastKnownFileType = text.plist.xml; path = Info.plist; sourceTree = "<group>"; };
		251EFF40249034CF00DEDB6A /* UP Store EntregasTests.xctest */ = {isa = PBXFileReference; explicitFileType = wrapper.cfbundle; includeInIndex = 0; path = "UP Store EntregasTests.xctest"; sourceTree = BUILT_PRODUCTS_DIR; };
		251EFF44249034CF00DEDB6A /* UP_Store_EntregasTests.swift */ = {isa = PBXFileReference; lastKnownFileType = sourcecode.swift; path = UP_Store_EntregasTests.swift; sourceTree = "<group>"; };
		251EFF46249034CF00DEDB6A /* Info.plist */ = {isa = PBXFileReference; lastKnownFileType = text.plist.xml; path = Info.plist; sourceTree = "<group>"; };
		251EFF4B249034D000DEDB6A /* UP Store EntregasUITests.xctest */ = {isa = PBXFileReference; explicitFileType = wrapper.cfbundle; includeInIndex = 0; path = "UP Store EntregasUITests.xctest"; sourceTree = BUILT_PRODUCTS_DIR; };
		251EFF4F249034D000DEDB6A /* UP_Store_EntregasUITests.swift */ = {isa = PBXFileReference; lastKnownFileType = sourcecode.swift; path = UP_Store_EntregasUITests.swift; sourceTree = "<group>"; };
		251EFF51249034D000DEDB6A /* Info.plist */ = {isa = PBXFileReference; lastKnownFileType = text.plist.xml; path = Info.plist; sourceTree = "<group>"; };
/* End PBXFileReference section */

/* Begin PBXFrameworksBuildPhase section */
		251EFF24249034C500DEDB6A /* Frameworks */ = {
			isa = PBXFrameworksBuildPhase;
			buildActionMask = 2147483647;
			files = (
			);
			runOnlyForDeploymentPostprocessing = 0;
		};
		251EFF3D249034CF00DEDB6A /* Frameworks */ = {
			isa = PBXFrameworksBuildPhase;
			buildActionMask = 2147483647;
			files = (
			);
			runOnlyForDeploymentPostprocessing = 0;
		};
		251EFF48249034D000DEDB6A /* Frameworks */ = {
			isa = PBXFrameworksBuildPhase;
			buildActionMask = 2147483647;
			files = (
			);
			runOnlyForDeploymentPostprocessing = 0;
		};
/* End PBXFrameworksBuildPhase section */

/* Begin PBXGroup section */
		251EFF1E249034C500DEDB6A = {
			isa = PBXGroup;
			children = (
				251EFF29249034C500DEDB6A /* UP Store Entregas */,
				251EFF43249034CF00DEDB6A /* UP Store EntregasTests */,
				251EFF4E249034D000DEDB6A /* UP Store EntregasUITests */,
				251EFF28249034C500DEDB6A /* Products */,
			);
			sourceTree = "<group>";
		};
		251EFF28249034C500DEDB6A /* Products */ = {
			isa = PBXGroup;
			children = (
				251EFF27249034C500DEDB6A /* UP Store Entregas.app */,
				251EFF40249034CF00DEDB6A /* UP Store EntregasTests.xctest */,
				251EFF4B249034D000DEDB6A /* UP Store EntregasUITests.xctest */,
			);
			name = Products;
			sourceTree = "<group>";
		};
		251EFF29249034C500DEDB6A /* UP Store Entregas */ = {
			isa = PBXGroup;
			children = (
				251EFF2A249034C500DEDB6A /* AppDelegate.swift */,
				251EFF2C249034C500DEDB6A /* SceneDelegate.swift */,
				251EFF2E249034C500DEDB6A /* ViewController.swift */,
				251EFF30249034C500DEDB6A /* Main.storyboard */,
				251EFF36249034CF00DEDB6A /* Assets.xcassets */,
				251EFF38249034CF00DEDB6A /* LaunchScreen.storyboard */,
				251EFF3B249034CF00DEDB6A /* Info.plist */,
				251EFF33249034C500DEDB6A /* UP_Store_Entregas.xcdatamodeld */,
			);
			path = "UP Store Entregas";
			sourceTree = "<group>";
		};
		251EFF43249034CF00DEDB6A /* UP Store EntregasTests */ = {
			isa = PBXGroup;
			children = (
				251EFF44249034CF00DEDB6A /* UP_Store_EntregasTests.swift */,
				251EFF46249034CF00DEDB6A /* Info.plist */,
			);
			path = "UP Store EntregasTests";
			sourceTree = "<group>";
		};
		251EFF4E249034D000DEDB6A /* UP Store EntregasUITests */ = {
			isa = PBXGroup;
			children = (
				251EFF4F249034D000DEDB6A /* UP_Store_EntregasUITests.swift */,
				251EFF51249034D000DEDB6A /* Info.plist */,
			);
			path = "UP Store EntregasUITests";
			sourceTree = "<group>";
		};
/* End PBXGroup section */

/* Begin PBXNativeTarget section */
		251EFF26249034C500DEDB6A /* UP Store Entregas */ = {
			isa = PBXNativeTarget;
			buildConfigurationList = 251EFF54249034D000DEDB6A /* Build configuration list for PBXNativeTarget "UP Store Entregas" */;
			buildPhases = (
				251EFF23249034C500DEDB6A /* Sources */,
				251EFF24249034C500DEDB6A /* Frameworks */,
				251EFF25249034C500DEDB6A /* Resources */,
			);
			buildRules = (
			);
			dependencies = (
			);
			name = "UP Store Entregas";
			productName = "UP Store Entregas";
			productReference = 251EFF27249034C500DEDB6A /* UP Store Entregas.app */;
			productType = "com.apple.product-type.application";
		};
		251EFF3F249034CF00DEDB6A /* UP Store EntregasTests */ = {
			isa = PBXNativeTarget;
			buildConfigurationList = 251EFF57249034D000DEDB6A /* Build configuration list for PBXNativeTarget "UP Store EntregasTests" */;
			buildPhases = (
				251EFF3C249034CF00DEDB6A /* Sources */,
				251EFF3D249034CF00DEDB6A /* Frameworks */,
				251EFF3E249034CF00DEDB6A /* Resources */,
			);
			buildRules = (
			);
			dependencies = (
				251EFF42249034CF00DEDB6A /* PBXTargetDependency */,
			);
			name = "UP Store EntregasTests";
			productName = "UP Store EntregasTests";
			productReference = 251EFF40249034CF00DEDB6A /* UP Store EntregasTests.xctest */;
			productType = "com.apple.product-type.bundle.unit-test";
		};
		251EFF4A249034D000DEDB6A /* UP Store EntregasUITests */ = {
			isa = PBXNativeTarget;
			buildConfigurationList = 251EFF5A249034D000DEDB6A /* Build configuration list for PBXNativeTarget "UP Store EntregasUITests" */;
			buildPhases = (
				251EFF47249034D000DEDB6A /* Sources */,
				251EFF48249034D000DEDB6A /* Frameworks */,
				251EFF49249034D000DEDB6A /* Resources */,
			);
			buildRules = (
			);
			dependencies = (
				251EFF4D249034D000DEDB6A /* PBXTargetDependency */,
			);
			name = "UP Store EntregasUITests";
			productName = "UP Store EntregasUITests";
			productReference = 251EFF4B249034D000DEDB6A /* UP Store EntregasUITests.xctest */;
			productType = "com.apple.product-type.bundle.ui-testing";
		};
/* End PBXNativeTarget section */

/* Begin PBXProject section */
		251EFF1F249034C500DEDB6A /* Project object */ = {
			isa = PBXProject;
			attributes = {
				LastSwiftUpdateCheck = 1150;
				LastUpgradeCheck = 1150;
				ORGANIZATIONNAME = ASNK;
				TargetAttributes = {
					251EFF26249034C500DEDB6A = {
						CreatedOnToolsVersion = 11.5;
					};
					251EFF3F249034CF00DEDB6A = {
						CreatedOnToolsVersion = 11.5;
						TestTargetID = 251EFF26249034C500DEDB6A;
					};
					251EFF4A249034D000DEDB6A = {
						CreatedOnToolsVersion = 11.5;
						TestTargetID = 251EFF26249034C500DEDB6A;
					};
				};
			};
			buildConfigurationList = 251EFF22249034C500DEDB6A /* Build configuration list for PBXProject "UP Store Entregas" */;
			compatibilityVersion = "Xcode 9.3";
			developmentRegion = en;
			hasScannedForEncodings = 0;
			knownRegions = (
				en,
				Base,
			);
			mainGroup = 251EFF1E249034C500DEDB6A;
			productRefGroup = 251EFF28249034C500DEDB6A /* Products */;
			projectDirPath = "";
			projectRoot = "";
			targets = (
				251EFF26249034C500DEDB6A /* UP Store Entregas */,
				251EFF3F249034CF00DEDB6A /* UP Store EntregasTests */,
				251EFF4A249034D000DEDB6A /* UP Store EntregasUITests */,
			);
		};
/* End PBXProject section */

/* Begin PBXResourcesBuildPhase section */
		251EFF25249034C500DEDB6A /* Resources */ = {
			isa = PBXResourcesBuildPhase;
			buildActionMask = 2147483647;
			files = (
				251EFF3A249034CF00DEDB6A /* LaunchScreen.storyboard in Resources */,
				251EFF37249034CF00DEDB6A /* Assets.xcassets in Resources */,
				251EFF32249034C500DEDB6A /* Main.storyboard in Resources */,
			);
			runOnlyForDeploymentPostprocessing = 0;
		};
		251EFF3E249034CF00DEDB6A /* Resources */ = {
			isa = PBXResourcesBuildPhase;
			buildActionMask = 2147483647;
			files = (
			);
			runOnlyForDeploymentPostprocessing = 0;
		};
		251EFF49249034D000DEDB6A /* Resources */ = {
			isa = PBXResourcesBuildPhase;
			buildActionMask = 2147483647;
			files = (
			);
			runOnlyForDeploymentPostprocessing = 0;
		};
/* End PBXResourcesBuildPhase section */

/* Begin PBXSourcesBuildPhase section */
		251EFF23249034C500DEDB6A /* Sources */ = {
			isa = PBXSourcesBuildPhase;
			buildActionMask = 2147483647;
			files = (
				251EFF2F249034C500DEDB6A /* ViewController.swift in Sources */,
				251EFF2B249034C500DEDB6A /* AppDelegate.swift in Sources */,
				251EFF2D249034C500DEDB6A /* SceneDelegate.swift in Sources */,
				251EFF35249034C500DEDB6A /* UP_Store_Entregas.xcdatamodeld in Sources */,
			);
			runOnlyForDeploymentPostprocessing = 0;
		};
		251EFF3C249034CF00DEDB6A /* Sources */ = {
			isa = PBXSourcesBuildPhase;
			buildActionMask = 2147483647;
			files = (
				251EFF45249034CF00DEDB6A /* UP_Store_EntregasTests.swift in Sources */,
			);
			runOnlyForDeploymentPostprocessing = 0;
		};
		251EFF47249034D000DEDB6A /* Sources */ = {
			isa = PBXSourcesBuildPhase;
			buildActionMask = 2147483647;
			files = (
				251EFF50249034D000DEDB6A /* UP_Store_EntregasUITests.swift in Sources */,
			);
			runOnlyForDeploymentPostprocessing = 0;
		};
/* End PBXSourcesBuildPhase section */

/* Begin PBXTargetDependency section */
		251EFF42249034CF00DEDB6A /* PBXTargetDependency */ = {
			isa = PBXTargetDependency;
			target = 251EFF26249034C500DEDB6A /* UP Store Entregas */;
			targetProxy = 251EFF41249034CF00DEDB6A /* PBXContainerItemProxy */;
		};
		251EFF4D249034D000DEDB6A /* PBXTargetDependency */ = {
			isa = PBXTargetDependency;
			target = 251EFF26249034C500DEDB6A /* UP Store Entregas */;
			targetProxy = 251EFF4C249034D000DEDB6A /* PBXContainerItemProxy */;
		};
/* End PBXTargetDependency section */

/* Begin PBXVariantGroup section */
		251EFF30249034C500DEDB6A /* Main.storyboard */ = {
			isa = PBXVariantGroup;
			children = (
				251EFF31249034C500DEDB6A /* Base */,
			);
			name = Main.storyboard;
			sourceTree = "<group>";
		};
		251EFF38249034CF00DEDB6A /* LaunchScreen.storyboard */ = {
			isa = PBXVariantGroup;
			children = (
				251EFF39249034CF00DEDB6A /* Base */,
			);
			name = LaunchScreen.storyboard;
			sourceTree = "<group>";
		};
/* End PBXVariantGroup section */

/* Begin XCBuildConfiguration section */
		251EFF52249034D000DEDB6A /* Debug */ = {
			isa = XCBuildConfiguration;
			buildSettings = {
				ALWAYS_SEARCH_USER_PATHS = NO;
				CLANG_ANALYZER_NONNULL = YES;
				CLANG_ANALYZER_NUMBER_OBJECT_CONVERSION = YES_AGGRESSIVE;
				CLANG_CXX_LANGUAGE_STANDARD = "gnu++14";
				CLANG_CXX_LIBRARY = "libc++";
				CLANG_ENABLE_MODULES = YES;
				CLANG_ENABLE_OBJC_ARC = YES;
				CLANG_ENABLE_OBJC_WEAK = YES;
				CLANG_WARN_BLOCK_CAPTURE_AUTORELEASING = YES;
				CLANG_WARN_BOOL_CONVERSION = YES;
				CLANG_WARN_COMMA = YES;
				CLANG_WARN_CONSTANT_CONVERSION = YES;
				CLANG_WARN_DEPRECATED_OBJC_IMPLEMENTATIONS = YES;
				CLANG_WARN_DIRECT_OBJC_ISA_USAGE = YES_ERROR;
				CLANG_WARN_DOCUMENTATION_COMMENTS = YES;
				CLANG_WARN_EMPTY_BODY = YES;
				CLANG_WARN_ENUM_CONVERSION = YES;
				CLANG_WARN_INFINITE_RECURSION = YES;
				CLANG_WARN_INT_CONVERSION = YES;
				CLANG_WARN_NON_LITERAL_NULL_CONVERSION = YES;
				CLANG_WARN_OBJC_IMPLICIT_RETAIN_SELF = YES;
				CLANG_WARN_OBJC_LITERAL_CONVERSION = YES;
				CLANG_WARN_OBJC_ROOT_CLASS = YES_ERROR;
				CLANG_WARN_RANGE_LOOP_ANALYSIS = YES;
				CLANG_WARN_STRICT_PROTOTYPES = YES;
				CLANG_WARN_SUSPICIOUS_MOVE = YES;
				CLANG_WARN_UNGUARDED_AVAILABILITY = YES_AGGRESSIVE;
				CLANG_WARN_UNREACHABLE_CODE = YES;
				CLANG_WARN__DUPLICATE_METHOD_MATCH = YES;
				COPY_PHASE_STRIP = NO;
				DEBUG_INFORMATION_FORMAT = dwarf;
				ENABLE_STRICT_OBJC_MSGSEND = YES;
				ENABLE_TESTABILITY = YES;
				GCC_C_LANGUAGE_STANDARD = gnu11;
				GCC_DYNAMIC_NO_PIC = NO;
				GCC_NO_COMMON_BLOCKS = YES;
				GCC_OPTIMIZATION_LEVEL = 0;
				GCC_PREPROCESSOR_DEFINITIONS = (
					"DEBUG=1",
					"$(inherited)",
				);
				GCC_WARN_64_TO_32_BIT_CONVERSION = YES;
				GCC_WARN_ABOUT_RETURN_TYPE = YES_ERROR;
				GCC_WARN_UNDECLARED_SELECTOR = YES;
				GCC_WARN_UNINITIALIZED_AUTOS = YES_AGGRESSIVE;
				GCC_WARN_UNUSED_FUNCTION = YES;
				GCC_WARN_UNUSED_VARIABLE = YES;
				IPHONEOS_DEPLOYMENT_TARGET = 13.5;
				MTL_ENABLE_DEBUG_INFO = INCLUDE_SOURCE;
				MTL_FAST_MATH = YES;
				ONLY_ACTIVE_ARCH = YES;
				SDKROOT = iphoneos;
				SWIFT_ACTIVE_COMPILATION_CONDITIONS = DEBUG;
				SWIFT_OPTIMIZATION_LEVEL = "-Onone";
			};
			name = Debug;
		};
		251EFF53249034D000DEDB6A /* Release */ = {
			isa = XCBuildConfiguration;
			buildSettings = {
				ALWAYS_SEARCH_USER_PATHS = NO;
				CLANG_ANALYZER_NONNULL = YES;
				CLANG_ANALYZER_NUMBER_OBJECT_CONVERSION = YES_AGGRESSIVE;
				CLANG_CXX_LANGUAGE_STANDARD = "gnu++14";
				CLANG_CXX_LIBRARY = "libc++";
				CLANG_ENABLE_MODULES = YES;
				CLANG_ENABLE_OBJC_ARC = YES;
				CLANG_ENABLE_OBJC_WEAK = YES;
				CLANG_WARN_BLOCK_CAPTURE_AUTORELEASING = YES;
				CLANG_WARN_BOOL_CONVERSION = YES;
				CLANG_WARN_COMMA = YES;
				CLANG_WARN_CONSTANT_CONVERSION = YES;
				CLANG_WARN_DEPRECATED_OBJC_IMPLEMENTATIONS = YES;
				CLANG_WARN_DIRECT_OBJC_ISA_USAGE = YES_ERROR;
				CLANG_WARN_DOCUMENTATION_COMMENTS = YES;
				CLANG_WARN_EMPTY_BODY = YES;
				CLANG_WARN_ENUM_CONVERSION = YES;
				CLANG_WARN_INFINITE_RECURSION = YES;
				CLANG_WARN_INT_CONVERSION = YES;
				CLANG_WARN_NON_LITERAL_NULL_CONVERSION = YES;
				CLANG_WARN_OBJC_IMPLICIT_RETAIN_SELF = YES;
				CLANG_WARN_OBJC_LITERAL_CONVERSION = YES;
				CLANG_WARN_OBJC_ROOT_CLASS = YES_ERROR;
				CLANG_WARN_RANGE_LOOP_ANALYSIS = YES;
				CLANG_WARN_STRICT_PROTOTYPES = YES;
				CLANG_WARN_SUSPICIOUS_MOVE = YES;
				CLANG_WARN_UNGUARDED_AVAILABILITY = YES_AGGRESSIVE;
				CLANG_WARN_UNREACHABLE_CODE = YES;
				CLANG_WARN__DUPLICATE_METHOD_MATCH = YES;
				COPY_PHASE_STRIP = NO;
				DEBUG_INFORMATION_FORMAT = "dwarf-with-dsym";
				ENABLE_NS_ASSERTIONS = NO;
				ENABLE_STRICT_OBJC_MSGSEND = YES;
				GCC_C_LANGUAGE_STANDARD = gnu11;
				GCC_NO_COMMON_BLOCKS = YES;
				GCC_WARN_64_TO_32_BIT_CONVERSION = YES;
				GCC_WARN_ABOUT_RETURN_TYPE = YES_ERROR;
				GCC_WARN_UNDECLARED_SELECTOR = YES;
				GCC_WARN_UNINITIALIZED_AUTOS = YES_AGGRESSIVE;
				GCC_WARN_UNUSED_FUNCTION = YES;
				GCC_WARN_UNUSED_VARIABLE = YES;
				IPHONEOS_DEPLOYMENT_TARGET = 13.5;
				MTL_ENABLE_DEBUG_INFO = NO;
				MTL_FAST_MATH = YES;
				SDKROOT = iphoneos;
				SWIFT_COMPILATION_MODE = wholemodule;
				SWIFT_OPTIMIZATION_LEVEL = "-O";
				VALIDATE_PRODUCT = YES;
			};
			name = Release;
		};
		251EFF55249034D000DEDB6A /* Debug */ = {
			isa = XCBuildConfiguration;
			buildSettings = {
				ASSETCATALOG_COMPILER_APPICON_NAME = AppIcon;
				CODE_SIGN_STYLE = Automatic;
				DEVELOPMENT_TEAM = P47SQ6MP59;
				INFOPLIST_FILE = "UP Store Entregas/Info.plist";
				LD_RUNPATH_SEARCH_PATHS = (
					"$(inherited)",
					"@executable_path/Frameworks",
				);
				PRODUCT_BUNDLE_IDENTIFIER = "com.UPStore.aDomicilio.UP-Store-Entregas";
				PRODUCT_NAME = "$(TARGET_NAME)";
				SWIFT_VERSION = 5.0;
				TARGETED_DEVICE_FAMILY = "1,2";
			};
			name = Debug;
		};
		251EFF56249034D000DEDB6A /* Release */ = {
			isa = XCBuildConfiguration;
			buildSettings = {
				ASSETCATALOG_COMPILER_APPICON_NAME = AppIcon;
				CODE_SIGN_STYLE = Automatic;
				DEVELOPMENT_TEAM = P47SQ6MP59;
				INFOPLIST_FILE = "UP Store Entregas/Info.plist";
				LD_RUNPATH_SEARCH_PATHS = (
					"$(inherited)",
					"@executable_path/Frameworks",
				);
				PRODUCT_BUNDLE_IDENTIFIER = "com.UPStore.aDomicilio.UP-Store-Entregas";
				PRODUCT_NAME = "$(TARGET_NAME)";
				SWIFT_VERSION = 5.0;
				TARGETED_DEVICE_FAMILY = "1,2";
			};
			name = Release;
		};
		251EFF58249034D000DEDB6A /* Debug */ = {
			isa = XCBuildConfiguration;
			buildSettings = {
				ALWAYS_EMBED_SWIFT_STANDARD_LIBRARIES = YES;
				BUNDLE_LOADER = "$(TEST_HOST)";
				CODE_SIGN_STYLE = Automatic;
				DEVELOPMENT_TEAM = P47SQ6MP59;
				INFOPLIST_FILE = "UP Store EntregasTests/Info.plist";
				IPHONEOS_DEPLOYMENT_TARGET = 13.5;
				LD_RUNPATH_SEARCH_PATHS = (
					"$(inherited)",
					"@executable_path/Frameworks",
					"@loader_path/Frameworks",
				);
				PRODUCT_BUNDLE_IDENTIFIER = "com.UPStore.aDomicilio.UP-Store-EntregasTests";
				PRODUCT_NAME = "$(TARGET_NAME)";
				SWIFT_VERSION = 5.0;
				TARGETED_DEVICE_FAMILY = "1,2";
				TEST_HOST = "$(BUILT_PRODUCTS_DIR)/UP Store Entregas.app/UP Store Entregas";
			};
			name = Debug;
		};
		251EFF59249034D000DEDB6A /* Release */ = {
			isa = XCBuildConfiguration;
			buildSettings = {
				ALWAYS_EMBED_SWIFT_STANDARD_LIBRARIES = YES;
				BUNDLE_LOADER = "$(TEST_HOST)";
				CODE_SIGN_STYLE = Automatic;
				DEVELOPMENT_TEAM = P47SQ6MP59;
				INFOPLIST_FILE = "UP Store EntregasTests/Info.plist";
				IPHONEOS_DEPLOYMENT_TARGET = 13.5;
				LD_RUNPATH_SEARCH_PATHS = (
					"$(inherited)",
					"@executable_path/Frameworks",
					"@loader_path/Frameworks",
				);
				PRODUCT_BUNDLE_IDENTIFIER = "com.UPStore.aDomicilio.UP-Store-EntregasTests";
				PRODUCT_NAME = "$(TARGET_NAME)";
				SWIFT_VERSION = 5.0;
				TARGETED_DEVICE_FAMILY = "1,2";
				TEST_HOST = "$(BUILT_PRODUCTS_DIR)/UP Store Entregas.app/UP Store Entregas";
			};
			name = Release;
		};
		251EFF5B249034D000DEDB6A /* Debug */ = {
			isa = XCBuildConfiguration;
			buildSettings = {
				ALWAYS_EMBED_SWIFT_STANDARD_LIBRARIES = YES;
				CODE_SIGN_STYLE = Automatic;
				DEVELOPMENT_TEAM = P47SQ6MP59;
				INFOPLIST_FILE = "UP Store EntregasUITests/Info.plist";
				LD_RUNPATH_SEARCH_PATHS = (
					"$(inherited)",
					"@executable_path/Frameworks",
					"@loader_path/Frameworks",
				);
				PRODUCT_BUNDLE_IDENTIFIER = "com.UPStore.aDomicilio.UP-Store-EntregasUITests";
				PRODUCT_NAME = "$(TARGET_NAME)";
				SWIFT_VERSION = 5.0;
				TARGETED_DEVICE_FAMILY = "1,2";
				TEST_TARGET_NAME = "UP Store Entregas";
			};
			name = Debug;
		};
		251EFF5C249034D000DEDB6A /* Release */ = {
			isa = XCBuildConfiguration;
			buildSettings = {
				ALWAYS_EMBED_SWIFT_STANDARD_LIBRARIES = YES;
				CODE_SIGN_STYLE = Automatic;
				DEVELOPMENT_TEAM = P47SQ6MP59;
				INFOPLIST_FILE = "UP Store EntregasUITests/Info.plist";
				LD_RUNPATH_SEARCH_PATHS = (
					"$(inherited)",
					"@executable_path/Frameworks",
					"@loader_path/Frameworks",
				);
				PRODUCT_BUNDLE_IDENTIFIER = "com.UPStore.aDomicilio.UP-Store-EntregasUITests";
				PRODUCT_NAME = "$(TARGET_NAME)";
				SWIFT_VERSION = 5.0;
				TARGETED_DEVICE_FAMILY = "1,2";
				TEST_TARGET_NAME = "UP Store Entregas";
			};
			name = Release;
		};
/* End XCBuildConfiguration section */

/* Begin XCConfigurationList section */
		251EFF22249034C500DEDB6A /* Build configuration list for PBXProject "UP Store Entregas" */ = {
			isa = XCConfigurationList;
			buildConfigurations = (
				251EFF52249034D000DEDB6A /* Debug */,
				251EFF53249034D000DEDB6A /* Release */,
			);
			defaultConfigurationIsVisible = 0;
			defaultConfigurationName = Release;
		};
		251EFF54249034D000DEDB6A /* Build configuration list for PBXNativeTarget "UP Store Entregas" */ = {
			isa = XCConfigurationList;
			buildConfigurations = (
				251EFF55249034D000DEDB6A /* Debug */,
				251EFF56249034D000DEDB6A /* Release */,
			);
			defaultConfigurationIsVisible = 0;
			defaultConfigurationName = Release;
		};
		251EFF57249034D000DEDB6A /* Build configuration list for PBXNativeTarget "UP Store EntregasTests" */ = {
			isa = XCConfigurationList;
			buildConfigurations = (
				251EFF58249034D000DEDB6A /* Debug */,
				251EFF59249034D000DEDB6A /* Release */,
			);
			defaultConfigurationIsVisible = 0;
			defaultConfigurationName = Release;
		};
		251EFF5A249034D000DEDB6A /* Build configuration list for PBXNativeTarget "UP Store EntregasUITests" */ = {
			isa = XCConfigurationList;
			buildConfigurations = (
				251EFF5B249034D000DEDB6A /* Debug */,
				251EFF5C249034D000DEDB6A /* Release */,
			);
			defaultConfigurationIsVisible = 0;
			defaultConfigurationName = Release;
		};
/* End XCConfigurationList section */

/* Begin XCVersionGroup section */
		251EFF33249034C500DEDB6A /* UP_Store_Entregas.xcdatamodeld */ = {
			isa = XCVersionGroup;
			children = (
				251EFF34249034C500DEDB6A /* UP_Store_Entregas.xcdatamodel */,
			);
			currentVersion = 251EFF34249034C500DEDB6A /* UP_Store_Entregas.xcdatamodel */;
			path = UP_Store_Entregas.xcdatamodeld;
			sourceTree = "<group>";
			versionGroupType = wrapper.xcdatamodel;
		};
/* End XCVersionGroup section */
	};
	rootObject = 251EFF1F249034C500DEDB6A /* Project object */;
}
